
Microsoft Visual Studio Solution File, Format Version 12.00
# Visual Studio Version 16
VisualStudioVersion = 16.0.33027.164
MinimumVisualStudioVersion = 10.0.40219.1
Project("{FAE04EC0-301F-11D3-BF4B-00C04F79EFBC}") = "ATM", "ATM\ATM.csproj", "{273F6692-8F3E-466D-A8F8-A62F078CE988}"
EndProject
Global
	GlobalSection(SolutionConfigurationPlatforms) = preSolution
		Debug|Any CPU = Debug|Any CPU
		Release|Any CPU = Release|Any CPU
	EndGlobalSection
	GlobalSection(ProjectConfigurationPlatforms) = postSolution
		{273F6692-8F3E-466D-A8F8-A62F078CE988}.Debug|Any CPU.ActiveCfg = Debug|Any CPU
		{273F6692-8F3E-466D-A8F8-A62F078CE988}.Debug|Any CPU.Build.0 = Debug|Any CPU
		{273F6692-8F3E-466D-A8F8-A62F078CE988}.Release|Any CPU.ActiveCfg = Release|Any CPU
		{273F6692-8F3E-466D-A8F8-A62F078CE988}.Release|Any CPU.Build.0 = Release|Any CPU
	EndGlobalSection
	GlobalSection(SolutionProperties) = preSolution
		HideSolutionNode = FALSE
	EndGlobalSection
	GlobalSection(ExtensibilityGlobals) = postSolution
		SolutionGuid = {F77C5D44-3B9C-464A-AE5A-6C3BD29D9BC0}
	EndGlobalSection
EndGlobal
